
Microsoft Visual Studio Solution File, Format Version 12.00
# Visual Studio Version 16
VisualStudioVersion = 16.0.29609.76
MinimumVisualStudioVersion = 10.0.40219.1
Project("{FAE04EC0-301F-11D3-BF4B-00C04F79EFBC}") = "ConsoleAppBoilerplate", "ConsoleAppBoilerplate\ConsoleAppBoilerplate.csproj", "{3118E8D5-68CB-47F0-A329-5724015E2BD0}"
EndProject
Global
	GlobalSection(SolutionConfigurationPlatforms) = preSolution
		Debug|Any CPU = Debug|Any CPU
		Release|Any CPU = Release|Any CPU
	EndGlobalSection
	GlobalSection(ProjectConfigurationPlatforms) = postSolution
		{3118E8D5-68CB-47F0-A329-5724015E2BD0}.Debug|Any CPU.ActiveCfg = Debug|Any CPU
		{3118E8D5-68CB-47F0-A329-5724015E2BD0}.Debug|Any CPU.Build.0 = Debug|Any CPU
		{3118E8D5-68CB-47F0-A329-5724015E2BD0}.Release|Any CPU.ActiveCfg = Release|Any CPU
		{3118E8D5-68CB-47F0-A329-5724015E2BD0}.Release|Any CPU.Build.0 = Release|Any CPU
	EndGlobalSection
	GlobalSection(SolutionProperties) = preSolution
		HideSolutionNode = FALSE
	EndGlobalSection
	GlobalSection(ExtensibilityGlobals) = postSolution
		SolutionGuid = {447A794E-398B-4508-8601-8E23250B4426}
	EndGlobalSection
EndGlobal
